
Microsoft Visual Studio Solution File, Format Version 10.00
# Visual Studio 2008
Project("{2150E333-8FDC-42A3-9474-1A3956D46DE8}") = "Dll", "Dll", "{5B8A3333-8033-4769-947D-F6F7C38AE5D4}"
EndProject
Project("{2150E333-8FDC-42A3-9474-1A3956D46DE8}") = "App", "App", "{CF2DD15E-8657-48EA-9C93-014C1D08F042}"
EndProject
Project("{FAE04EC0-301F-11D3-BF4B-00C04F79EFBC}") = "Document", "Common\Dll\Document\Document.csproj", "{4486CD76-AD37-45FD-ADA4-ABE2905E9015}"
EndProject
Project("{FAE04EC0-301F-11D3-BF4B-00C04F79EFBC}") = "DTO", "Common\Dll\DTO\DTO.csproj", "{9A21650B-69A2-4387-B8EC-1DE33CCC5A38}"
EndProject
Project("{FAE04EC0-301F-11D3-BF4B-00C04F79EFBC}") = "FileManager", "Common\Dll\FileManager\FileManager.csproj", "{1C1C2A76-75DF-4EC2-AC2C-3C385824C69F}"
EndProject
Project("{FAE04EC0-301F-11D3-BF4B-00C04F79EFBC}") = "UserControl", "Common\Dll\UserControls\UserControl.csproj", "{E4FF3608-F72D-429B-80D6-274E333E4A01}"
EndProject
Project("{FAE04EC0-301F-11D3-BF4B-00C04F79EFBC}") = "Utility", "Common\Dll\Utility\Utility.csproj", "{6320715E-DFFC-4FAA-A792-CCECFD883516}"
EndProject
Project("{FAE04EC0-301F-11D3-BF4B-00C04F79EFBC}") = "Model", "Common\Dll\Model\Model.csproj", "{274ED2A8-33A2-4239-8195-BF9FEA613505}"
EndProject
Project("{FAE04EC0-301F-11D3-BF4B-00C04F79EFBC}") = "Generator", "Common\Dll\Generator\Generator.csproj", "{AB37B8A1-8D29-483F-B2F2-77601FA109FF}"
EndProject
Project("{FAE04EC0-301F-11D3-BF4B-00C04F79EFBC}") = "ProductionControlDailyExcelCreator", "App\生産管理用Excel自動出力(日次)\ProductionControlDailyExcelCreator\ProductionControlDailyExcelCreator.csproj", "{51630B55-654D-4B91-862E-0D501EDCC8FF}"
EndProject
Project("{FAE04EC0-301F-11D3-BF4B-00C04F79EFBC}") = "ExcelCreatorBase", "Common\Dll\共通画面\ExcelCreaterBase\ExcelCreatorBase.csproj", "{B0800E75-EE2A-4C7B-9F87-A0B2C662DB13}"
EndProject
Project("{FAE04EC0-301F-11D3-BF4B-00C04F79EFBC}") = "Logger", "Common\Dll\Logger\Logger.csproj", "{EA26458A-9E9A-4D73-8ABF-36890ADA6423}"
EndProject
Project("{FAE04EC0-301F-11D3-BF4B-00C04F79EFBC}") = "Clearner", "Common\Dll\Clearner\Clearner.csproj", "{8A610035-8A4A-440C-9995-639831F5DF14}"
EndProject
Global
	GlobalSection(SolutionConfigurationPlatforms) = preSolution
		Debug|Any CPU = Debug|Any CPU
		Release|Any CPU = Release|Any CPU
	EndGlobalSection
	GlobalSection(ProjectConfigurationPlatforms) = postSolution
		{4486CD76-AD37-45FD-ADA4-ABE2905E9015}.Debug|Any CPU.ActiveCfg = Debug|Any CPU
		{4486CD76-AD37-45FD-ADA4-ABE2905E9015}.Debug|Any CPU.Build.0 = Debug|Any CPU
		{4486CD76-AD37-45FD-ADA4-ABE2905E9015}.Release|Any CPU.ActiveCfg = Release|Any CPU
		{4486CD76-AD37-45FD-ADA4-ABE2905E9015}.Release|Any CPU.Build.0 = Release|Any CPU
		{9A21650B-69A2-4387-B8EC-1DE33CCC5A38}.Debug|Any CPU.ActiveCfg = Debug|Any CPU
		{9A21650B-69A2-4387-B8EC-1DE33CCC5A38}.Debug|Any CPU.Build.0 = Debug|Any CPU
		{9A21650B-69A2-4387-B8EC-1DE33CCC5A38}.Release|Any CPU.ActiveCfg = Release|Any CPU
		{9A21650B-69A2-4387-B8EC-1DE33CCC5A38}.Release|Any CPU.Build.0 = Release|Any CPU
		{1C1C2A76-75DF-4EC2-AC2C-3C385824C69F}.Debug|Any CPU.ActiveCfg = Debug|Any CPU
		{1C1C2A76-75DF-4EC2-AC2C-3C385824C69F}.Debug|Any CPU.Build.0 = Debug|Any CPU
		{1C1C2A76-75DF-4EC2-AC2C-3C385824C69F}.Release|Any CPU.ActiveCfg = Release|Any CPU
		{1C1C2A76-75DF-4EC2-AC2C-3C385824C69F}.Release|Any CPU.Build.0 = Release|Any CPU
		{E4FF3608-F72D-429B-80D6-274E333E4A01}.Debug|Any CPU.ActiveCfg = Debug|Any CPU
		{E4FF3608-F72D-429B-80D6-274E333E4A01}.Debug|Any CPU.Build.0 = Debug|Any CPU
		{E4FF3608-F72D-429B-80D6-274E333E4A01}.Release|Any CPU.ActiveCfg = Release|Any CPU
		{E4FF3608-F72D-429B-80D6-274E333E4A01}.Release|Any CPU.Build.0 = Release|Any CPU
		{6320715E-DFFC-4FAA-A792-CCECFD883516}.Debug|Any CPU.ActiveCfg = Debug|Any CPU
		{6320715E-DFFC-4FAA-A792-CCECFD883516}.Debug|Any CPU.Build.0 = Debug|Any CPU
		{6320715E-DFFC-4FAA-A792-CCECFD883516}.Release|Any CPU.ActiveCfg = Release|Any CPU
		{6320715E-DFFC-4FAA-A792-CCECFD883516}.Release|Any CPU.Build.0 = Release|Any CPU
		{274ED2A8-33A2-4239-8195-BF9FEA613505}.Debug|Any CPU.ActiveCfg = Debug|Any CPU
		{274ED2A8-33A2-4239-8195-BF9FEA613505}.Debug|Any CPU.Build.0 = Debug|Any CPU
		{274ED2A8-33A2-4239-8195-BF9FEA613505}.Release|Any CPU.ActiveCfg = Release|Any CPU
		{274ED2A8-33A2-4239-8195-BF9FEA613505}.Release|Any CPU.Build.0 = Release|Any CPU
		{AB37B8A1-8D29-483F-B2F2-77601FA109FF}.Debug|Any CPU.ActiveCfg = Debug|Any CPU
		{AB37B8A1-8D29-483F-B2F2-77601FA109FF}.Debug|Any CPU.Build.0 = Debug|Any CPU
		{AB37B8A1-8D29-483F-B2F2-77601FA109FF}.Release|Any CPU.ActiveCfg = Release|Any CPU
		{AB37B8A1-8D29-483F-B2F2-77601FA109FF}.Release|Any CPU.Build.0 = Release|Any CPU
		{51630B55-654D-4B91-862E-0D501EDCC8FF}.Debug|Any CPU.ActiveCfg = Debug|Any CPU
		{51630B55-654D-4B91-862E-0D501EDCC8FF}.Debug|Any CPU.Build.0 = Debug|Any CPU
		{51630B55-654D-4B91-862E-0D501EDCC8FF}.Release|Any CPU.ActiveCfg = Release|Any CPU
		{51630B55-654D-4B91-862E-0D501EDCC8FF}.Release|Any CPU.Build.0 = Release|Any CPU
		{B0800E75-EE2A-4C7B-9F87-A0B2C662DB13}.Debug|Any CPU.ActiveCfg = Debug|Any CPU
		{B0800E75-EE2A-4C7B-9F87-A0B2C662DB13}.Debug|Any CPU.Build.0 = Debug|Any CPU
		{B0800E75-EE2A-4C7B-9F87-A0B2C662DB13}.Release|Any CPU.ActiveCfg = Release|Any CPU
		{B0800E75-EE2A-4C7B-9F87-A0B2C662DB13}.Release|Any CPU.Build.0 = Release|Any CPU
		{EA26458A-9E9A-4D73-8ABF-36890ADA6423}.Debug|Any CPU.ActiveCfg = Debug|Any CPU
		{EA26458A-9E9A-4D73-8ABF-36890ADA6423}.Debug|Any CPU.Build.0 = Debug|Any CPU
		{EA26458A-9E9A-4D73-8ABF-36890ADA6423}.Release|Any CPU.ActiveCfg = Release|Any CPU
		{EA26458A-9E9A-4D73-8ABF-36890ADA6423}.Release|Any CPU.Build.0 = Release|Any CPU
		{8A610035-8A4A-440C-9995-639831F5DF14}.Debug|Any CPU.ActiveCfg = Debug|Any CPU
		{8A610035-8A4A-440C-9995-639831F5DF14}.Debug|Any CPU.Build.0 = Debug|Any CPU
		{8A610035-8A4A-440C-9995-639831F5DF14}.Release|Any CPU.ActiveCfg = Release|Any CPU
		{8A610035-8A4A-440C-9995-639831F5DF14}.Release|Any CPU.Build.0 = Release|Any CPU
	EndGlobalSection
	GlobalSection(SolutionProperties) = preSolution
		HideSolutionNode = FALSE
	EndGlobalSection
	GlobalSection(NestedProjects) = preSolution
		{4486CD76-AD37-45FD-ADA4-ABE2905E9015} = {5B8A3333-8033-4769-947D-F6F7C38AE5D4}
		{9A21650B-69A2-4387-B8EC-1DE33CCC5A38} = {5B8A3333-8033-4769-947D-F6F7C38AE5D4}
		{1C1C2A76-75DF-4EC2-AC2C-3C385824C69F} = {5B8A3333-8033-4769-947D-F6F7C38AE5D4}
		{E4FF3608-F72D-429B-80D6-274E333E4A01} = {5B8A3333-8033-4769-947D-F6F7C38AE5D4}
		{6320715E-DFFC-4FAA-A792-CCECFD883516} = {5B8A3333-8033-4769-947D-F6F7C38AE5D4}
		{274ED2A8-33A2-4239-8195-BF9FEA613505} = {5B8A3333-8033-4769-947D-F6F7C38AE5D4}
		{AB37B8A1-8D29-483F-B2F2-77601FA109FF} = {5B8A3333-8033-4769-947D-F6F7C38AE5D4}
		{B0800E75-EE2A-4C7B-9F87-A0B2C662DB13} = {5B8A3333-8033-4769-947D-F6F7C38AE5D4}
		{EA26458A-9E9A-4D73-8ABF-36890ADA6423} = {5B8A3333-8033-4769-947D-F6F7C38AE5D4}
		{8A610035-8A4A-440C-9995-639831F5DF14} = {5B8A3333-8033-4769-947D-F6F7C38AE5D4}
		{51630B55-654D-4B91-862E-0D501EDCC8FF} = {CF2DD15E-8657-48EA-9C93-014C1D08F042}
	EndGlobalSection
EndGlobal
