
Microsoft Visual Studio Solution File, Format Version 10.00
# Visual Studio 2008
Project("{FAE04EC0-301F-11D3-BF4B-00C04F79EFBC}") = "CKSI1000", "CKSI1000.csproj", "{513D8709-F9D9-4AFC-8492-A8D339F789A6}"
EndProject
Global
	GlobalSection(SolutionConfigurationPlatforms) = preSolution
		Debug|Any CPU = Debug|Any CPU
		Release|Any CPU = Release|Any CPU
	EndGlobalSection
	GlobalSection(ProjectConfigurationPlatforms) = postSolution
		{513D8709-F9D9-4AFC-8492-A8D339F789A6}.Debug|Any CPU.ActiveCfg = Debug|Any CPU
		{513D8709-F9D9-4AFC-8492-A8D339F789A6}.Debug|Any CPU.Build.0 = Debug|Any CPU
		{513D8709-F9D9-4AFC-8492-A8D339F789A6}.Release|Any CPU.ActiveCfg = Release|Any CPU
		{513D8709-F9D9-4AFC-8492-A8D339F789A6}.Release|Any CPU.Build.0 = Release|Any CPU
	EndGlobalSection
	GlobalSection(SolutionProperties) = preSolution
		HideSolutionNode = FALSE
	EndGlobalSection
EndGlobal
