
Microsoft Visual Studio Solution File, Format Version 10.00
# Visual Studio 2008
Project("{FAE04EC0-301F-11D3-BF4B-00C04F79EFBC}") = "CKSI0110", "CKSI0110.csproj", "{BA52FC8A-699C-4415-9076-4A6B49458D5D}"
EndProject
Global
	GlobalSection(SolutionConfigurationPlatforms) = preSolution
		Debug|Any CPU = Debug|Any CPU
		Release|Any CPU = Release|Any CPU
	EndGlobalSection
	GlobalSection(ProjectConfigurationPlatforms) = postSolution
		{BA52FC8A-699C-4415-9076-4A6B49458D5D}.Debug|Any CPU.ActiveCfg = Debug|Any CPU
		{BA52FC8A-699C-4415-9076-4A6B49458D5D}.Debug|Any CPU.Build.0 = Debug|Any CPU
		{BA52FC8A-699C-4415-9076-4A6B49458D5D}.Release|Any CPU.ActiveCfg = Release|Any CPU
		{BA52FC8A-699C-4415-9076-4A6B49458D5D}.Release|Any CPU.Build.0 = Release|Any CPU
	EndGlobalSection
	GlobalSection(SolutionProperties) = preSolution
		HideSolutionNode = FALSE
	EndGlobalSection
EndGlobal
